
Microsoft Visual Studio Solution File, Format Version 12.00
# Visual Studio 15
Project("{FAE04EC0-301F-11D3-BF4B-00C04F79EFBC}") = "Assembly-CSharp-Editor", "Assembly-CSharp-Editor.csproj", "{D6173AC2-29B9-2D7F-B598-CE1E39629AA6}"
EndProject
Project("{FAE04EC0-301F-11D3-BF4B-00C04F79EFBC}") = "Assembly-CSharp", "Assembly-CSharp.csproj", "{16312C44-1780-8667-3B8D-3DC74F8629A8}"
EndProject
Global
	GlobalSection(SolutionConfigurationPlatforms) = preSolution
		Debug|Any CPU = Debug|Any CPU
		Release|Any CPU = Release|Any CPU
	EndGlobalSection
	GlobalSection(ProjectConfigurationPlatforms) = postSolution
		{D6173AC2-29B9-2D7F-B598-CE1E39629AA6}.Debug|Any CPU.ActiveCfg = Debug|Any CPU
		{D6173AC2-29B9-2D7F-B598-CE1E39629AA6}.Debug|Any CPU.Build.0 = Debug|Any CPU
		{D6173AC2-29B9-2D7F-B598-CE1E39629AA6}.Release|Any CPU.ActiveCfg = Release|Any CPU
		{D6173AC2-29B9-2D7F-B598-CE1E39629AA6}.Release|Any CPU.Build.0 = Release|Any CPU
		{16312C44-1780-8667-3B8D-3DC74F8629A8}.Debug|Any CPU.ActiveCfg = Debug|Any CPU
		{16312C44-1780-8667-3B8D-3DC74F8629A8}.Debug|Any CPU.Build.0 = Debug|Any CPU
		{16312C44-1780-8667-3B8D-3DC74F8629A8}.Release|Any CPU.ActiveCfg = Release|Any CPU
		{16312C44-1780-8667-3B8D-3DC74F8629A8}.Release|Any CPU.Build.0 = Release|Any CPU
	EndGlobalSection
	GlobalSection(SolutionProperties) = preSolution
		HideSolutionNode = FALSE
	EndGlobalSection
EndGlobal
